
Microsoft Visual Studio Solution File, Format Version 12.00
# Visual Studio Version 17
VisualStudioVersion = 17.14.37216.2
MinimumVisualStudioVersion = 10.0.40219.1
Project("{FAE04EC0-301F-11D3-BF4B-00C04F79EFBC}") = "SistemaDeEnviosGUI", "SistemaDeEnviosGUI\SistemaDeEnviosGUI.csproj", "{35C00C6A-3144-46FE-8FDE-D0AFA006B1CD}"
EndProject
Project("{FAE04EC0-301F-11D3-BF4B-00C04F79EFBC}") = "BE", "BE\BE.csproj", "{99DB6349-BD0D-4D62-B5D6-8AC9699890C4}"
EndProject
Project("{FAE04EC0-301F-11D3-BF4B-00C04F79EFBC}") = "BLL", "BLL\BLL.csproj", "{7F30930B-E760-46B7-9DE8-C8209042F12F}"
EndProject
Project("{FAE04EC0-301F-11D3-BF4B-00C04F79EFBC}") = "DAL", "DAL\DAL.csproj", "{DC5F5DB0-59CB-4D5A-A034-AEE61C23BAEC}"
EndProject
Project("{FAE04EC0-301F-11D3-BF4B-00C04F79EFBC}") = "Servicios", "Servicios\Servicios.csproj", "{C62F8803-EDBD-4BC7-8C25-57345C00704E}"
EndProject
Global
	GlobalSection(SolutionConfigurationPlatforms) = preSolution
		Debug|Any CPU = Debug|Any CPU
		Release|Any CPU = Release|Any CPU
	EndGlobalSection
	GlobalSection(ProjectConfigurationPlatforms) = postSolution
		{35C00C6A-3144-46FE-8FDE-D0AFA006B1CD}.Debug|Any CPU.ActiveCfg = Debug|Any CPU
		{35C00C6A-3144-46FE-8FDE-D0AFA006B1CD}.Debug|Any CPU.Build.0 = Debug|Any CPU
		{35C00C6A-3144-46FE-8FDE-D0AFA006B1CD}.Release|Any CPU.ActiveCfg = Release|Any CPU
		{35C00C6A-3144-46FE-8FDE-D0AFA006B1CD}.Release|Any CPU.Build.0 = Release|Any CPU
		{99DB6349-BD0D-4D62-B5D6-8AC9699890C4}.Debug|Any CPU.ActiveCfg = Debug|Any CPU
		{99DB6349-BD0D-4D62-B5D6-8AC9699890C4}.Debug|Any CPU.Build.0 = Debug|Any CPU
		{99DB6349-BD0D-4D62-B5D6-8AC9699890C4}.Release|Any CPU.ActiveCfg = Release|Any CPU
		{99DB6349-BD0D-4D62-B5D6-8AC9699890C4}.Release|Any CPU.Build.0 = Release|Any CPU
		{7F30930B-E760-46B7-9DE8-C8209042F12F}.Debug|Any CPU.ActiveCfg = Debug|Any CPU
		{7F30930B-E760-46B7-9DE8-C8209042F12F}.Debug|Any CPU.Build.0 = Debug|Any CPU
		{7F30930B-E760-46B7-9DE8-C8209042F12F}.Release|Any CPU.ActiveCfg = Release|Any CPU
		{7F30930B-E760-46B7-9DE8-C8209042F12F}.Release|Any CPU.Build.0 = Release|Any CPU
		{DC5F5DB0-59CB-4D5A-A034-AEE61C23BAEC}.Debug|Any CPU.ActiveCfg = Debug|Any CPU
		{DC5F5DB0-59CB-4D5A-A034-AEE61C23BAEC}.Debug|Any CPU.Build.0 = Debug|Any CPU
		{DC5F5DB0-59CB-4D5A-A034-AEE61C23BAEC}.Release|Any CPU.ActiveCfg = Release|Any CPU
		{DC5F5DB0-59CB-4D5A-A034-AEE61C23BAEC}.Release|Any CPU.Build.0 = Release|Any CPU
		{C62F8803-EDBD-4BC7-8C25-57345C00704E}.Debug|Any CPU.ActiveCfg = Debug|Any CPU
		{C62F8803-EDBD-4BC7-8C25-57345C00704E}.Debug|Any CPU.Build.0 = Debug|Any CPU
		{C62F8803-EDBD-4BC7-8C25-57345C00704E}.Release|Any CPU.ActiveCfg = Release|Any CPU
		{C62F8803-EDBD-4BC7-8C25-57345C00704E}.Release|Any CPU.Build.0 = Release|Any CPU
	EndGlobalSection
	GlobalSection(SolutionProperties) = preSolution
		HideSolutionNode = FALSE
	EndGlobalSection
	GlobalSection(ExtensibilityGlobals) = postSolution
		SolutionGuid = {083EDB35-3B60-4A32-99DC-D85705C9D782}
	EndGlobalSection
EndGlobal
